
Microsoft Visual Studio Solution File, Format Version 12.00
# Visual Studio 2012
Project("{FAE04EC0-301F-11D3-BF4B-00C04F79EFBC}") = "MapTest.Android", "MapTest.Android\MapTest.Android.csproj", "{BF6B870F-844A-4D8A-B219-FE489C212627}"
EndProject
Project("{FAE04EC0-301F-11D3-BF4B-00C04F79EFBC}") = "MapTest.iOS", "MapTest.iOS\MapTest.iOS.csproj", "{DA4E2B4D-551B-44DD-A8BA-7E1405BBF35E}"
EndProject
Project("{FAE04EC0-301F-11D3-BF4B-00C04F79EFBC}") = "MapTest.UITests", "MapTest.UITests\MapTest.UITests.csproj", "{B19C892E-2628-4CA7-AD27-08D406A3B14B}"
EndProject
Project("{D954291E-2A0B-460D-934E-DC6B0785DB48}") = "MapTest", "MapTest\MapTest.shproj", "{34F3077A-21C1-403B-BB22-A9E9F5784C1D}"
EndProject
Global
	GlobalSection(SolutionConfigurationPlatforms) = preSolution
		Debug|Any CPU = Debug|Any CPU
		Release|Any CPU = Release|Any CPU
		Debug|iPhoneSimulator = Debug|iPhoneSimulator
		Release|iPhoneSimulator = Release|iPhoneSimulator
		Debug|iPhone = Debug|iPhone
		Release|iPhone = Release|iPhone
	EndGlobalSection
	GlobalSection(ProjectConfigurationPlatforms) = postSolution
		{BF6B870F-844A-4D8A-B219-FE489C212627}.Debug|Any CPU.ActiveCfg = Debug|Any CPU
		{BF6B870F-844A-4D8A-B219-FE489C212627}.Debug|Any CPU.Build.0 = Debug|Any CPU
		{BF6B870F-844A-4D8A-B219-FE489C212627}.Release|Any CPU.ActiveCfg = Release|Any CPU
		{BF6B870F-844A-4D8A-B219-FE489C212627}.Release|Any CPU.Build.0 = Release|Any CPU
		{BF6B870F-844A-4D8A-B219-FE489C212627}.Debug|iPhoneSimulator.ActiveCfg = Debug|Any CPU
		{BF6B870F-844A-4D8A-B219-FE489C212627}.Debug|iPhoneSimulator.Build.0 = Debug|Any CPU
		{BF6B870F-844A-4D8A-B219-FE489C212627}.Release|iPhoneSimulator.ActiveCfg = Release|Any CPU
		{BF6B870F-844A-4D8A-B219-FE489C212627}.Release|iPhoneSimulator.Build.0 = Release|Any CPU
		{BF6B870F-844A-4D8A-B219-FE489C212627}.Debug|iPhone.ActiveCfg = Debug|Any CPU
		{BF6B870F-844A-4D8A-B219-FE489C212627}.Debug|iPhone.Build.0 = Debug|Any CPU
		{BF6B870F-844A-4D8A-B219-FE489C212627}.Release|iPhone.ActiveCfg = Release|Any CPU
		{BF6B870F-844A-4D8A-B219-FE489C212627}.Release|iPhone.Build.0 = Release|Any CPU
		{DA4E2B4D-551B-44DD-A8BA-7E1405BBF35E}.Debug|Any CPU.ActiveCfg = Debug|iPhoneSimulator
		{DA4E2B4D-551B-44DD-A8BA-7E1405BBF35E}.Debug|Any CPU.Build.0 = Debug|iPhoneSimulator
		{DA4E2B4D-551B-44DD-A8BA-7E1405BBF35E}.Release|Any CPU.ActiveCfg = Release|iPhoneSimulator
		{DA4E2B4D-551B-44DD-A8BA-7E1405BBF35E}.Release|Any CPU.Build.0 = Release|iPhoneSimulator
		{DA4E2B4D-551B-44DD-A8BA-7E1405BBF35E}.Debug|iPhoneSimulator.ActiveCfg = Debug|iPhoneSimulator
		{DA4E2B4D-551B-44DD-A8BA-7E1405BBF35E}.Debug|iPhoneSimulator.Build.0 = Debug|iPhoneSimulator
		{DA4E2B4D-551B-44DD-A8BA-7E1405BBF35E}.Release|iPhoneSimulator.ActiveCfg = Release|iPhoneSimulator
		{DA4E2B4D-551B-44DD-A8BA-7E1405BBF35E}.Release|iPhoneSimulator.Build.0 = Release|iPhoneSimulator
		{DA4E2B4D-551B-44DD-A8BA-7E1405BBF35E}.Debug|iPhone.ActiveCfg = Debug|iPhone
		{DA4E2B4D-551B-44DD-A8BA-7E1405BBF35E}.Debug|iPhone.Build.0 = Debug|iPhone
		{DA4E2B4D-551B-44DD-A8BA-7E1405BBF35E}.Release|iPhone.ActiveCfg = Release|iPhone
		{DA4E2B4D-551B-44DD-A8BA-7E1405BBF35E}.Release|iPhone.Build.0 = Release|iPhone
		{B19C892E-2628-4CA7-AD27-08D406A3B14B}.Debug|Any CPU.ActiveCfg = Debug|Any CPU
		{B19C892E-2628-4CA7-AD27-08D406A3B14B}.Debug|Any CPU.Build.0 = Debug|Any CPU
		{B19C892E-2628-4CA7-AD27-08D406A3B14B}.Release|Any CPU.ActiveCfg = Release|Any CPU
		{B19C892E-2628-4CA7-AD27-08D406A3B14B}.Release|Any CPU.Build.0 = Release|Any CPU
		{B19C892E-2628-4CA7-AD27-08D406A3B14B}.Debug|iPhoneSimulator.ActiveCfg = Debug|Any CPU
		{B19C892E-2628-4CA7-AD27-08D406A3B14B}.Debug|iPhoneSimulator.Build.0 = Debug|Any CPU
		{B19C892E-2628-4CA7-AD27-08D406A3B14B}.Release|iPhoneSimulator.ActiveCfg = Release|Any CPU
		{B19C892E-2628-4CA7-AD27-08D406A3B14B}.Release|iPhoneSimulator.Build.0 = Release|Any CPU
		{B19C892E-2628-4CA7-AD27-08D406A3B14B}.Debug|iPhone.ActiveCfg = Debug|Any CPU
		{B19C892E-2628-4CA7-AD27-08D406A3B14B}.Debug|iPhone.Build.0 = Debug|Any CPU
		{B19C892E-2628-4CA7-AD27-08D406A3B14B}.Release|iPhone.ActiveCfg = Release|Any CPU
		{B19C892E-2628-4CA7-AD27-08D406A3B14B}.Release|iPhone.Build.0 = Release|Any CPU
	EndGlobalSection
EndGlobal
